
Microsoft Visual Studio Solution File, Format Version 12.00
# Visual Studio 15
VisualStudioVersion = 15.0.27428.2011
MinimumVisualStudioVersion = 10.0.40219.1
Project("{FAE04EC0-301F-11D3-BF4B-00C04F79EFBC}") = "CdaMobileApp.Droid", "CdaMobileApp.Droid\CdaMobileApp.Droid.csproj", "{A5028A34-50BD-441B-AFAB-EA4E8D5D6575}"
EndProject
Project("{FAE04EC0-301F-11D3-BF4B-00C04F79EFBC}") = "CdaMobileApp.iOS", "CdaMobileApp.iOS\CdaMobileApp.iOS.csproj", "{9E63CDAD-F4F3-4083-8B95-0D3DEC331C8D}"
EndProject
Project("{FAE04EC0-301F-11D3-BF4B-00C04F79EFBC}") = "CdaMobileApp.UWP", "CdaMobileApp.UWP\CdaMobileApp.UWP.csproj", "{D78F7D0D-CD9E-4F9B-8022-D33FDC2608E2}"
EndProject
Project("{FAE04EC0-301F-11D3-BF4B-00C04F79EFBC}") = "CdaMobileApp", "CdaMobileApp\CdaMobileApp.csproj", "{9E917EF0-6281-40FF-A58A-50E3943DD36F}"
EndProject
Global
	GlobalSection(SolutionConfigurationPlatforms) = preSolution
		Ad-Hoc|Any CPU = Ad-Hoc|Any CPU
		Ad-Hoc|ARM = Ad-Hoc|ARM
		Ad-Hoc|iPhone = Ad-Hoc|iPhone
		Ad-Hoc|iPhoneSimulator = Ad-Hoc|iPhoneSimulator
		Ad-Hoc|x64 = Ad-Hoc|x64
		Ad-Hoc|x86 = Ad-Hoc|x86
		AppStore|Any CPU = AppStore|Any CPU
		AppStore|ARM = AppStore|ARM
		AppStore|iPhone = AppStore|iPhone
		AppStore|iPhoneSimulator = AppStore|iPhoneSimulator
		AppStore|x64 = AppStore|x64
		AppStore|x86 = AppStore|x86
		Debug|Any CPU = Debug|Any CPU
		Debug|ARM = Debug|ARM
		Debug|iPhone = Debug|iPhone
		Debug|iPhoneSimulator = Debug|iPhoneSimulator
		Debug|x64 = Debug|x64
		Debug|x86 = Debug|x86
		Release|Any CPU = Release|Any CPU
		Release|ARM = Release|ARM
		Release|iPhone = Release|iPhone
		Release|iPhoneSimulator = Release|iPhoneSimulator
		Release|x64 = Release|x64
		Release|x86 = Release|x86
	EndGlobalSection
	GlobalSection(ProjectConfigurationPlatforms) = postSolution
		{A5028A34-50BD-441B-AFAB-EA4E8D5D6575}.Ad-Hoc|Any CPU.ActiveCfg = Release|Any CPU
		{A5028A34-50BD-441B-AFAB-EA4E8D5D6575}.Ad-Hoc|Any CPU.Build.0 = Release|Any CPU
		{A5028A34-50BD-441B-AFAB-EA4E8D5D6575}.Ad-Hoc|Any CPU.Deploy.0 = Release|Any CPU
		{A5028A34-50BD-441B-AFAB-EA4E8D5D6575}.Ad-Hoc|ARM.ActiveCfg = Release|Any CPU
		{A5028A34-50BD-441B-AFAB-EA4E8D5D6575}.Ad-Hoc|ARM.Build.0 = Release|Any CPU
		{A5028A34-50BD-441B-AFAB-EA4E8D5D6575}.Ad-Hoc|ARM.Deploy.0 = Release|Any CPU
		{A5028A34-50BD-441B-AFAB-EA4E8D5D6575}.Ad-Hoc|iPhone.ActiveCfg = Release|Any CPU
		{A5028A34-50BD-441B-AFAB-EA4E8D5D6575}.Ad-Hoc|iPhone.Build.0 = Release|Any CPU
		{A5028A34-50BD-441B-AFAB-EA4E8D5D6575}.Ad-Hoc|iPhone.Deploy.0 = Release|Any CPU
		{A5028A34-50BD-441B-AFAB-EA4E8D5D6575}.Ad-Hoc|iPhoneSimulator.ActiveCfg = Release|Any CPU
		{A5028A34-50BD-441B-AFAB-EA4E8D5D6575}.Ad-Hoc|iPhoneSimulator.Build.0 = Release|Any CPU
		{A5028A34-50BD-441B-AFAB-EA4E8D5D6575}.Ad-Hoc|iPhoneSimulator.Deploy.0 = Release|Any CPU
		{A5028A34-50BD-441B-AFAB-EA4E8D5D6575}.Ad-Hoc|x64.ActiveCfg = Release|Any CPU
		{A5028A34-50BD-441B-AFAB-EA4E8D5D6575}.Ad-Hoc|x64.Build.0 = Release|Any CPU
		{A5028A34-50BD-441B-AFAB-EA4E8D5D6575}.Ad-Hoc|x64.Deploy.0 = Release|Any CPU
		{A5028A34-50BD-441B-AFAB-EA4E8D5D6575}.Ad-Hoc|x86.ActiveCfg = Release|Any CPU
		{A5028A34-50BD-441B-AFAB-EA4E8D5D6575}.Ad-Hoc|x86.Build.0 = Release|Any CPU
		{A5028A34-50BD-441B-AFAB-EA4E8D5D6575}.Ad-Hoc|x86.Deploy.0 = Release|Any CPU
		{A5028A34-50BD-441B-AFAB-EA4E8D5D6575}.AppStore|Any CPU.ActiveCfg = Release|Any CPU
		{A5028A34-50BD-441B-AFAB-EA4E8D5D6575}.AppStore|Any CPU.Build.0 = Release|Any CPU
		{A5028A34-50BD-441B-AFAB-EA4E8D5D6575}.AppStore|Any CPU.Deploy.0 = Release|Any CPU
		{A5028A34-50BD-441B-AFAB-EA4E8D5D6575}.AppStore|ARM.ActiveCfg = Release|Any CPU
		{A5028A34-50BD-441B-AFAB-EA4E8D5D6575}.AppStore|ARM.Build.0 = Release|Any CPU
		{A5028A34-50BD-441B-AFAB-EA4E8D5D6575}.AppStore|ARM.Deploy.0 = Release|Any CPU
		{A5028A34-50BD-441B-AFAB-EA4E8D5D6575}.AppStore|iPhone.ActiveCfg = Release|Any CPU
		{A5028A34-50BD-441B-AFAB-EA4E8D5D6575}.AppStore|iPhone.Build.0 = Release|Any CPU
		{A5028A34-50BD-441B-AFAB-EA4E8D5D6575}.AppStore|iPhone.Deploy.0 = Release|Any CPU
		{A5028A34-50BD-441B-AFAB-EA4E8D5D6575}.AppStore|iPhoneSimulator.ActiveCfg = Release|Any CPU
		{A5028A34-50BD-441B-AFAB-EA4E8D5D6575}.AppStore|iPhoneSimulator.Build.0 = Release|Any CPU
		{A5028A34-50BD-441B-AFAB-EA4E8D5D6575}.AppStore|iPhoneSimulator.Deploy.0 = Release|Any CPU
		{A5028A34-50BD-441B-AFAB-EA4E8D5D6575}.AppStore|x64.ActiveCfg = Release|Any CPU
		{A5028A34-50BD-441B-AFAB-EA4E8D5D6575}.AppStore|x64.Build.0 = Release|Any CPU
		{A5028A34-50BD-441B-AFAB-EA4E8D5D6575}.AppStore|x64.Deploy.0 = Release|Any CPU
		{A5028A34-50BD-441B-AFAB-EA4E8D5D6575}.AppStore|x86.ActiveCfg = Release|Any CPU
		{A5028A34-50BD-441B-AFAB-EA4E8D5D6575}.AppStore|x86.Build.0 = Release|Any CPU
		{A5028A34-50BD-441B-AFAB-EA4E8D5D6575}.AppStore|x86.Deploy.0 = Release|Any CPU
		{A5028A34-50BD-441B-AFAB-EA4E8D5D6575}.Debug|Any CPU.ActiveCfg = Debug|Any CPU
		{A5028A34-50BD-441B-AFAB-EA4E8D5D6575}.Debug|Any CPU.Build.0 = Debug|Any CPU
		{A5028A34-50BD-441B-AFAB-EA4E8D5D6575}.Debug|Any CPU.Deploy.0 = Debug|Any CPU
		{A5028A34-50BD-441B-AFAB-EA4E8D5D6575}.Debug|ARM.ActiveCfg = Debug|Any CPU
		{A5028A34-50BD-441B-AFAB-EA4E8D5D6575}.Debug|ARM.Build.0 = Debug|Any CPU
		{A5028A34-50BD-441B-AFAB-EA4E8D5D6575}.Debug|ARM.Deploy.0 = Debug|Any CPU
		{A5028A34-50BD-441B-AFAB-EA4E8D5D6575}.Debug|iPhone.ActiveCfg = Debug|Any CPU
		{A5028A34-50BD-441B-AFAB-EA4E8D5D6575}.Debug|iPhone.Build.0 = Debug|Any CPU
		{A5028A34-50BD-441B-AFAB-EA4E8D5D6575}.Debug|iPhone.Deploy.0 = Debug|Any CPU
		{A5028A34-50BD-441B-AFAB-EA4E8D5D6575}.Debug|iPhoneSimulator.ActiveCfg = Debug|Any CPU
		{A5028A34-50BD-441B-AFAB-EA4E8D5D6575}.Debug|iPhoneSimulator.Build.0 = Debug|Any CPU
		{A5028A34-50BD-441B-AFAB-EA4E8D5D6575}.Debug|iPhoneSimulator.Deploy.0 = Debug|Any CPU
		{A5028A34-50BD-441B-AFAB-EA4E8D5D6575}.Debug|x64.ActiveCfg = Debug|Any CPU
		{A5028A34-50BD-441B-AFAB-EA4E8D5D6575}.Debug|x64.Build.0 = Debug|Any CPU
		{A5028A34-50BD-441B-AFAB-EA4E8D5D6575}.Debug|x64.Deploy.0 = Debug|Any CPU
		{A5028A34-50BD-441B-AFAB-EA4E8D5D6575}.Debug|x86.ActiveCfg = Debug|Any CPU
		{A5028A34-50BD-441B-AFAB-EA4E8D5D6575}.Debug|x86.Build.0 = Debug|Any CPU
		{A5028A34-50BD-441B-AFAB-EA4E8D5D6575}.Debug|x86.Deploy.0 = Debug|Any CPU
		{A5028A34-50BD-441B-AFAB-EA4E8D5D6575}.Release|Any CPU.ActiveCfg = Release|Any CPU
		{A5028A34-50BD-441B-AFAB-EA4E8D5D6575}.Release|Any CPU.Build.0 = Release|Any CPU
		{A5028A34-50BD-441B-AFAB-EA4E8D5D6575}.Release|Any CPU.Deploy.0 = Release|Any CPU
		{A5028A34-50BD-441B-AFAB-EA4E8D5D6575}.Release|ARM.ActiveCfg = Release|Any CPU
		{A5028A34-50BD-441B-AFAB-EA4E8D5D6575}.Release|ARM.Build.0 = Release|Any CPU
		{A5028A34-50BD-441B-AFAB-EA4E8D5D6575}.Release|ARM.Deploy.0 = Release|Any CPU
		{A5028A34-50BD-441B-AFAB-EA4E8D5D6575}.Release|iPhone.ActiveCfg = Release|Any CPU
		{A5028A34-50BD-441B-AFAB-EA4E8D5D6575}.Release|iPhone.Build.0 = Release|Any CPU
		{A5028A34-50BD-441B-AFAB-EA4E8D5D6575}.Release|iPhone.Deploy.0 = Release|Any CPU
		{A5028A34-50BD-441B-AFAB-EA4E8D5D6575}.Release|iPhoneSimulator.ActiveCfg = Release|Any CPU
		{A5028A34-50BD-441B-AFAB-EA4E8D5D6575}.Release|iPhoneSimulator.Build.0 = Release|Any CPU
		{A5028A34-50BD-441B-AFAB-EA4E8D5D6575}.Release|iPhoneSimulator.Deploy.0 = Release|Any CPU
		{A5028A34-50BD-441B-AFAB-EA4E8D5D6575}.Release|x64.ActiveCfg = Release|Any CPU
		{A5028A34-50BD-441B-AFAB-EA4E8D5D6575}.Release|x64.Build.0 = Release|Any CPU
		{A5028A34-50BD-441B-AFAB-EA4E8D5D6575}.Release|x64.Deploy.0 = Release|Any CPU
		{A5028A34-50BD-441B-AFAB-EA4E8D5D6575}.Release|x86.ActiveCfg = Release|Any CPU
		{A5028A34-50BD-441B-AFAB-EA4E8D5D6575}.Release|x86.Build.0 = Release|Any CPU
		{A5028A34-50BD-441B-AFAB-EA4E8D5D6575}.Release|x86.Deploy.0 = Release|Any CPU
		{9E63CDAD-F4F3-4083-8B95-0D3DEC331C8D}.Ad-Hoc|Any CPU.ActiveCfg = Ad-Hoc|iPhone
		{9E63CDAD-F4F3-4083-8B95-0D3DEC331C8D}.Ad-Hoc|ARM.ActiveCfg = Ad-Hoc|iPhone
		{9E63CDAD-F4F3-4083-8B95-0D3DEC331C8D}.Ad-Hoc|iPhone.ActiveCfg = Ad-Hoc|iPhone
		{9E63CDAD-F4F3-4083-8B95-0D3DEC331C8D}.Ad-Hoc|iPhone.Build.0 = Ad-Hoc|iPhone
		{9E63CDAD-F4F3-4083-8B95-0D3DEC331C8D}.Ad-Hoc|iPhoneSimulator.ActiveCfg = Ad-Hoc|iPhoneSimulator
		{9E63CDAD-F4F3-4083-8B95-0D3DEC331C8D}.Ad-Hoc|iPhoneSimulator.Build.0 = Ad-Hoc|iPhoneSimulator
		{9E63CDAD-F4F3-4083-8B95-0D3DEC331C8D}.Ad-Hoc|x64.ActiveCfg = Ad-Hoc|iPhone
		{9E63CDAD-F4F3-4083-8B95-0D3DEC331C8D}.Ad-Hoc|x86.ActiveCfg = Ad-Hoc|iPhone
		{9E63CDAD-F4F3-4083-8B95-0D3DEC331C8D}.AppStore|Any CPU.ActiveCfg = AppStore|iPhone
		{9E63CDAD-F4F3-4083-8B95-0D3DEC331C8D}.AppStore|ARM.ActiveCfg = AppStore|iPhone
		{9E63CDAD-F4F3-4083-8B95-0D3DEC331C8D}.AppStore|iPhone.ActiveCfg = AppStore|iPhone
		{9E63CDAD-F4F3-4083-8B95-0D3DEC331C8D}.AppStore|iPhone.Build.0 = AppStore|iPhone
		{9E63CDAD-F4F3-4083-8B95-0D3DEC331C8D}.AppStore|iPhoneSimulator.ActiveCfg = AppStore|iPhoneSimulator
		{9E63CDAD-F4F3-4083-8B95-0D3DEC331C8D}.AppStore|iPhoneSimulator.Build.0 = AppStore|iPhoneSimulator
		{9E63CDAD-F4F3-4083-8B95-0D3DEC331C8D}.AppStore|x64.ActiveCfg = AppStore|iPhone
		{9E63CDAD-F4F3-4083-8B95-0D3DEC331C8D}.AppStore|x86.ActiveCfg = AppStore|iPhone
		{9E63CDAD-F4F3-4083-8B95-0D3DEC331C8D}.Debug|Any CPU.ActiveCfg = Debug|iPhone
		{9E63CDAD-F4F3-4083-8B95-0D3DEC331C8D}.Debug|ARM.ActiveCfg = Debug|iPhone
		{9E63CDAD-F4F3-4083-8B95-0D3DEC331C8D}.Debug|iPhone.ActiveCfg = Debug|iPhone
		{9E63CDAD-F4F3-4083-8B95-0D3DEC331C8D}.Debug|iPhone.Build.0 = Debug|iPhone
		{9E63CDAD-F4F3-4083-8B95-0D3DEC331C8D}.Debug|iPhoneSimulator.ActiveCfg = Debug|iPhoneSimulator
		{9E63CDAD-F4F3-4083-8B95-0D3DEC331C8D}.Debug|iPhoneSimulator.Build.0 = Debug|iPhoneSimulator
		{9E63CDAD-F4F3-4083-8B95-0D3DEC331C8D}.Debug|x64.ActiveCfg = Debug|iPhone
		{9E63CDAD-F4F3-4083-8B95-0D3DEC331C8D}.Debug|x86.ActiveCfg = Debug|iPhone
		{9E63CDAD-F4F3-4083-8B95-0D3DEC331C8D}.Release|Any CPU.ActiveCfg = Release|iPhone
		{9E63CDAD-F4F3-4083-8B95-0D3DEC331C8D}.Release|ARM.ActiveCfg = Release|iPhone
		{9E63CDAD-F4F3-4083-8B95-0D3DEC331C8D}.Release|iPhone.ActiveCfg = Release|iPhone
		{9E63CDAD-F4F3-4083-8B95-0D3DEC331C8D}.Release|iPhone.Build.0 = Release|iPhone
		{9E63CDAD-F4F3-4083-8B95-0D3DEC331C8D}.Release|iPhoneSimulator.ActiveCfg = Release|iPhoneSimulator
		{9E63CDAD-F4F3-4083-8B95-0D3DEC331C8D}.Release|iPhoneSimulator.Build.0 = Release|iPhoneSimulator
		{9E63CDAD-F4F3-4083-8B95-0D3DEC331C8D}.Release|x64.ActiveCfg = Release|iPhone
		{9E63CDAD-F4F3-4083-8B95-0D3DEC331C8D}.Release|x86.ActiveCfg = Release|iPhone
		{D78F7D0D-CD9E-4F9B-8022-D33FDC2608E2}.Ad-Hoc|Any CPU.ActiveCfg = Release|x86
		{D78F7D0D-CD9E-4F9B-8022-D33FDC2608E2}.Ad-Hoc|Any CPU.Build.0 = Release|x86
		{D78F7D0D-CD9E-4F9B-8022-D33FDC2608E2}.Ad-Hoc|Any CPU.Deploy.0 = Release|x86
		{D78F7D0D-CD9E-4F9B-8022-D33FDC2608E2}.Ad-Hoc|ARM.ActiveCfg = Release|ARM
		{D78F7D0D-CD9E-4F9B-8022-D33FDC2608E2}.Ad-Hoc|ARM.Build.0 = Release|ARM
		{D78F7D0D-CD9E-4F9B-8022-D33FDC2608E2}.Ad-Hoc|ARM.Deploy.0 = Release|ARM
		{D78F7D0D-CD9E-4F9B-8022-D33FDC2608E2}.Ad-Hoc|iPhone.ActiveCfg = Release|x86
		{D78F7D0D-CD9E-4F9B-8022-D33FDC2608E2}.Ad-Hoc|iPhone.Build.0 = Release|x86
		{D78F7D0D-CD9E-4F9B-8022-D33FDC2608E2}.Ad-Hoc|iPhone.Deploy.0 = Release|x86
		{D78F7D0D-CD9E-4F9B-8022-D33FDC2608E2}.Ad-Hoc|iPhoneSimulator.ActiveCfg = Release|x86
		{D78F7D0D-CD9E-4F9B-8022-D33FDC2608E2}.Ad-Hoc|iPhoneSimulator.Build.0 = Release|x86
		{D78F7D0D-CD9E-4F9B-8022-D33FDC2608E2}.Ad-Hoc|iPhoneSimulator.Deploy.0 = Release|x86
		{D78F7D0D-CD9E-4F9B-8022-D33FDC2608E2}.Ad-Hoc|x64.ActiveCfg = Release|x64
		{D78F7D0D-CD9E-4F9B-8022-D33FDC2608E2}.Ad-Hoc|x64.Build.0 = Release|x64
		{D78F7D0D-CD9E-4F9B-8022-D33FDC2608E2}.Ad-Hoc|x64.Deploy.0 = Release|x64
		{D78F7D0D-CD9E-4F9B-8022-D33FDC2608E2}.Ad-Hoc|x86.ActiveCfg = Release|x86
		{D78F7D0D-CD9E-4F9B-8022-D33FDC2608E2}.Ad-Hoc|x86.Build.0 = Release|x86
		{D78F7D0D-CD9E-4F9B-8022-D33FDC2608E2}.Ad-Hoc|x86.Deploy.0 = Release|x86
		{D78F7D0D-CD9E-4F9B-8022-D33FDC2608E2}.AppStore|Any CPU.ActiveCfg = Release|x86
		{D78F7D0D-CD9E-4F9B-8022-D33FDC2608E2}.AppStore|Any CPU.Build.0 = Release|x86
		{D78F7D0D-CD9E-4F9B-8022-D33FDC2608E2}.AppStore|Any CPU.Deploy.0 = Release|x86
		{D78F7D0D-CD9E-4F9B-8022-D33FDC2608E2}.AppStore|ARM.ActiveCfg = Release|ARM
		{D78F7D0D-CD9E-4F9B-8022-D33FDC2608E2}.AppStore|ARM.Build.0 = Release|ARM
		{D78F7D0D-CD9E-4F9B-8022-D33FDC2608E2}.AppStore|ARM.Deploy.0 = Release|ARM
		{D78F7D0D-CD9E-4F9B-8022-D33FDC2608E2}.AppStore|iPhone.ActiveCfg = Release|x86
		{D78F7D0D-CD9E-4F9B-8022-D33FDC2608E2}.AppStore|iPhone.Build.0 = Release|x86
		{D78F7D0D-CD9E-4F9B-8022-D33FDC2608E2}.AppStore|iPhone.Deploy.0 = Release|x86
		{D78F7D0D-CD9E-4F9B-8022-D33FDC2608E2}.AppStore|iPhoneSimulator.ActiveCfg = Release|x86
		{D78F7D0D-CD9E-4F9B-8022-D33FDC2608E2}.AppStore|iPhoneSimulator.Build.0 = Release|x86
		{D78F7D0D-CD9E-4F9B-8022-D33FDC2608E2}.AppStore|iPhoneSimulator.Deploy.0 = Release|x86
		{D78F7D0D-CD9E-4F9B-8022-D33FDC2608E2}.AppStore|x64.ActiveCfg = Release|x64
		{D78F7D0D-CD9E-4F9B-8022-D33FDC2608E2}.AppStore|x64.Build.0 = Release|x64
		{D78F7D0D-CD9E-4F9B-8022-D33FDC2608E2}.AppStore|x64.Deploy.0 = Release|x64
		{D78F7D0D-CD9E-4F9B-8022-D33FDC2608E2}.AppStore|x86.ActiveCfg = Release|x86
		{D78F7D0D-CD9E-4F9B-8022-D33FDC2608E2}.AppStore|x86.Build.0 = Release|x86
		{D78F7D0D-CD9E-4F9B-8022-D33FDC2608E2}.AppStore|x86.Deploy.0 = Release|x86
		{D78F7D0D-CD9E-4F9B-8022-D33FDC2608E2}.Debug|Any CPU.ActiveCfg = Debug|x86
		{D78F7D0D-CD9E-4F9B-8022-D33FDC2608E2}.Debug|ARM.ActiveCfg = Debug|ARM
		{D78F7D0D-CD9E-4F9B-8022-D33FDC2608E2}.Debug|ARM.Build.0 = Debug|ARM
		{D78F7D0D-CD9E-4F9B-8022-D33FDC2608E2}.Debug|ARM.Deploy.0 = Debug|ARM
		{D78F7D0D-CD9E-4F9B-8022-D33FDC2608E2}.Debug|iPhone.ActiveCfg = Debug|x86
		{D78F7D0D-CD9E-4F9B-8022-D33FDC2608E2}.Debug|iPhoneSimulator.ActiveCfg = Debug|x86
		{D78F7D0D-CD9E-4F9B-8022-D33FDC2608E2}.Debug|x64.ActiveCfg = Debug|x64
		{D78F7D0D-CD9E-4F9B-8022-D33FDC2608E2}.Debug|x64.Build.0 = Debug|x64
		{D78F7D0D-CD9E-4F9B-8022-D33FDC2608E2}.Debug|x64.Deploy.0 = Debug|x64
		{D78F7D0D-CD9E-4F9B-8022-D33FDC2608E2}.Debug|x86.ActiveCfg = Debug|x86
		{D78F7D0D-CD9E-4F9B-8022-D33FDC2608E2}.Debug|x86.Build.0 = Debug|x86
		{D78F7D0D-CD9E-4F9B-8022-D33FDC2608E2}.Debug|x86.Deploy.0 = Debug|x86
		{D78F7D0D-CD9E-4F9B-8022-D33FDC2608E2}.Release|Any CPU.ActiveCfg = Release|x86
		{D78F7D0D-CD9E-4F9B-8022-D33FDC2608E2}.Release|ARM.ActiveCfg = Release|ARM
		{D78F7D0D-CD9E-4F9B-8022-D33FDC2608E2}.Release|ARM.Build.0 = Release|ARM
		{D78F7D0D-CD9E-4F9B-8022-D33FDC2608E2}.Release|ARM.Deploy.0 = Release|ARM
		{D78F7D0D-CD9E-4F9B-8022-D33FDC2608E2}.Release|iPhone.ActiveCfg = Release|x86
		{D78F7D0D-CD9E-4F9B-8022-D33FDC2608E2}.Release|iPhoneSimulator.ActiveCfg = Release|x86
		{D78F7D0D-CD9E-4F9B-8022-D33FDC2608E2}.Release|x64.ActiveCfg = Release|x64
		{D78F7D0D-CD9E-4F9B-8022-D33FDC2608E2}.Release|x64.Build.0 = Release|x64
		{D78F7D0D-CD9E-4F9B-8022-D33FDC2608E2}.Release|x64.Deploy.0 = Release|x64
		{D78F7D0D-CD9E-4F9B-8022-D33FDC2608E2}.Release|x86.ActiveCfg = Release|x86
		{D78F7D0D-CD9E-4F9B-8022-D33FDC2608E2}.Release|x86.Build.0 = Release|x86
		{D78F7D0D-CD9E-4F9B-8022-D33FDC2608E2}.Release|x86.Deploy.0 = Release|x86
		{9E917EF0-6281-40FF-A58A-50E3943DD36F}.Ad-Hoc|Any CPU.ActiveCfg = Debug|Any CPU
		{9E917EF0-6281-40FF-A58A-50E3943DD36F}.Ad-Hoc|Any CPU.Build.0 = Debug|Any CPU
		{9E917EF0-6281-40FF-A58A-50E3943DD36F}.Ad-Hoc|ARM.ActiveCfg = Debug|Any CPU
		{9E917EF0-6281-40FF-A58A-50E3943DD36F}.Ad-Hoc|ARM.Build.0 = Debug|Any CPU
		{9E917EF0-6281-40FF-A58A-50E3943DD36F}.Ad-Hoc|iPhone.ActiveCfg = Debug|Any CPU
		{9E917EF0-6281-40FF-A58A-50E3943DD36F}.Ad-Hoc|iPhone.Build.0 = Debug|Any CPU
		{9E917EF0-6281-40FF-A58A-50E3943DD36F}.Ad-Hoc|iPhoneSimulator.ActiveCfg = Debug|Any CPU
		{9E917EF0-6281-40FF-A58A-50E3943DD36F}.Ad-Hoc|iPhoneSimulator.Build.0 = Debug|Any CPU
		{9E917EF0-6281-40FF-A58A-50E3943DD36F}.Ad-Hoc|x64.ActiveCfg = Debug|Any CPU
		{9E917EF0-6281-40FF-A58A-50E3943DD36F}.Ad-Hoc|x64.Build.0 = Debug|Any CPU
		{9E917EF0-6281-40FF-A58A-50E3943DD36F}.Ad-Hoc|x86.ActiveCfg = Debug|Any CPU
		{9E917EF0-6281-40FF-A58A-50E3943DD36F}.Ad-Hoc|x86.Build.0 = Debug|Any CPU
		{9E917EF0-6281-40FF-A58A-50E3943DD36F}.AppStore|Any CPU.ActiveCfg = Debug|Any CPU
		{9E917EF0-6281-40FF-A58A-50E3943DD36F}.AppStore|Any CPU.Build.0 = Debug|Any CPU
		{9E917EF0-6281-40FF-A58A-50E3943DD36F}.AppStore|ARM.ActiveCfg = Debug|Any CPU
		{9E917EF0-6281-40FF-A58A-50E3943DD36F}.AppStore|ARM.Build.0 = Debug|Any CPU
		{9E917EF0-6281-40FF-A58A-50E3943DD36F}.AppStore|iPhone.ActiveCfg = Debug|Any CPU
		{9E917EF0-6281-40FF-A58A-50E3943DD36F}.AppStore|iPhone.Build.0 = Debug|Any CPU
		{9E917EF0-6281-40FF-A58A-50E3943DD36F}.AppStore|iPhoneSimulator.ActiveCfg = Debug|Any CPU
		{9E917EF0-6281-40FF-A58A-50E3943DD36F}.AppStore|iPhoneSimulator.Build.0 = Debug|Any CPU
		{9E917EF0-6281-40FF-A58A-50E3943DD36F}.AppStore|x64.ActiveCfg = Debug|Any CPU
		{9E917EF0-6281-40FF-A58A-50E3943DD36F}.AppStore|x64.Build.0 = Debug|Any CPU
		{9E917EF0-6281-40FF-A58A-50E3943DD36F}.AppStore|x86.ActiveCfg = Debug|Any CPU
		{9E917EF0-6281-40FF-A58A-50E3943DD36F}.AppStore|x86.Build.0 = Debug|Any CPU
		{9E917EF0-6281-40FF-A58A-50E3943DD36F}.Debug|Any CPU.ActiveCfg = Debug|Any CPU
		{9E917EF0-6281-40FF-A58A-50E3943DD36F}.Debug|Any CPU.Build.0 = Debug|Any CPU
		{9E917EF0-6281-40FF-A58A-50E3943DD36F}.Debug|ARM.ActiveCfg = Debug|Any CPU
		{9E917EF0-6281-40FF-A58A-50E3943DD36F}.Debug|ARM.Build.0 = Debug|Any CPU
		{9E917EF0-6281-40FF-A58A-50E3943DD36F}.Debug|iPhone.ActiveCfg = Debug|Any CPU
		{9E917EF0-6281-40FF-A58A-50E3943DD36F}.Debug|iPhone.Build.0 = Debug|Any CPU
		{9E917EF0-6281-40FF-A58A-50E3943DD36F}.Debug|iPhoneSimulator.ActiveCfg = Debug|Any CPU
		{9E917EF0-6281-40FF-A58A-50E3943DD36F}.Debug|iPhoneSimulator.Build.0 = Debug|Any CPU
		{9E917EF0-6281-40FF-A58A-50E3943DD36F}.Debug|x64.ActiveCfg = Debug|Any CPU
		{9E917EF0-6281-40FF-A58A-50E3943DD36F}.Debug|x64.Build.0 = Debug|Any CPU
		{9E917EF0-6281-40FF-A58A-50E3943DD36F}.Debug|x86.ActiveCfg = Debug|Any CPU
		{9E917EF0-6281-40FF-A58A-50E3943DD36F}.Debug|x86.Build.0 = Debug|Any CPU
		{9E917EF0-6281-40FF-A58A-50E3943DD36F}.Release|Any CPU.ActiveCfg = Release|Any CPU
		{9E917EF0-6281-40FF-A58A-50E3943DD36F}.Release|Any CPU.Build.0 = Release|Any CPU
		{9E917EF0-6281-40FF-A58A-50E3943DD36F}.Release|ARM.ActiveCfg = Release|Any CPU
		{9E917EF0-6281-40FF-A58A-50E3943DD36F}.Release|ARM.Build.0 = Release|Any CPU
		{9E917EF0-6281-40FF-A58A-50E3943DD36F}.Release|iPhone.ActiveCfg = Release|Any CPU
		{9E917EF0-6281-40FF-A58A-50E3943DD36F}.Release|iPhone.Build.0 = Release|Any CPU
		{9E917EF0-6281-40FF-A58A-50E3943DD36F}.Release|iPhoneSimulator.ActiveCfg = Release|Any CPU
		{9E917EF0-6281-40FF-A58A-50E3943DD36F}.Release|iPhoneSimulator.Build.0 = Release|Any CPU
		{9E917EF0-6281-40FF-A58A-50E3943DD36F}.Release|x64.ActiveCfg = Release|Any CPU
		{9E917EF0-6281-40FF-A58A-50E3943DD36F}.Release|x64.Build.0 = Release|Any CPU
		{9E917EF0-6281-40FF-A58A-50E3943DD36F}.Release|x86.ActiveCfg = Release|Any CPU
		{9E917EF0-6281-40FF-A58A-50E3943DD36F}.Release|x86.Build.0 = Release|Any CPU
	EndGlobalSection
	GlobalSection(SolutionProperties) = preSolution
		HideSolutionNode = FALSE
	EndGlobalSection
	GlobalSection(ExtensibilityGlobals) = postSolution
		SolutionGuid = {0E416663-586F-42DE-BCD8-FF82842C376E}
	EndGlobalSection
EndGlobal
